
Microsoft Visual Studio Solution File, Format Version 12.00
# Visual Studio Version 17
VisualStudioVersion = 17.10.35013.160
MinimumVisualStudioVersion = 10.0.40219.1
Project("{FAE04EC0-301F-11D3-BF4B-00C04F79EFBC}") = "Day6_CSharpProblems", "Day6_CSharpProblems\Day6_CSharpProblems.csproj", "{8D43C2A7-8C67-4118-8C4C-DAC634DDDE07}"
EndProject
Global
	GlobalSection(SolutionConfigurationPlatforms) = preSolution
		Debug|Any CPU = Debug|Any CPU
		Release|Any CPU = Release|Any CPU
	EndGlobalSection
	GlobalSection(ProjectConfigurationPlatforms) = postSolution
		{8D43C2A7-8C67-4118-8C4C-DAC634DDDE07}.Debug|Any CPU.ActiveCfg = Debug|Any CPU
		{8D43C2A7-8C67-4118-8C4C-DAC634DDDE07}.Debug|Any CPU.Build.0 = Debug|Any CPU
		{8D43C2A7-8C67-4118-8C4C-DAC634DDDE07}.Release|Any CPU.ActiveCfg = Release|Any CPU
		{8D43C2A7-8C67-4118-8C4C-DAC634DDDE07}.Release|Any CPU.Build.0 = Release|Any CPU
	EndGlobalSection
	GlobalSection(SolutionProperties) = preSolution
		HideSolutionNode = FALSE
	EndGlobalSection
	GlobalSection(ExtensibilityGlobals) = postSolution
		SolutionGuid = {4136C188-2C40-4948-8D2A-9AF41BB21334}
	EndGlobalSection
EndGlobal
